
Microsoft Visual Studio Solution File, Format Version 12.00
# Visual Studio 15
VisualStudioVersion = 15.0.28307.329
MinimumVisualStudioVersion = 10.0.40219.1
Project("{FAE04EC0-301F-11D3-BF4B-00C04F79EFBC}") = "PT.FlowAnalysis", "PT.FlowAnalysis\PT.FlowAnalysis.csproj", "{369B0FDD-A44C-4A80-BCB3-C9CB0E2EC218}"
EndProject
Project("{FAE04EC0-301F-11D3-BF4B-00C04F79EFBC}") = "PT.FlowAnalysis.Core", "PT.FlowAnalysis.Core\PT.FlowAnalysis.Core.csproj", "{1BFD690C-488C-4ADD-86B4-53532F75ECD5}"
EndProject
Project("{FAE04EC0-301F-11D3-BF4B-00C04F79EFBC}") = "PT.FlowAnalysis.Tests", "PT.FlowAnalysis.Tests\PT.FlowAnalysis.Tests.csproj", "{A2CA80AD-506E-4723-BCCA-51FD40618FDC}"
EndProject
Global
	GlobalSection(SolutionConfigurationPlatforms) = preSolution
		Debug|Any CPU = Debug|Any CPU
		Release|Any CPU = Release|Any CPU
	EndGlobalSection
	GlobalSection(ProjectConfigurationPlatforms) = postSolution
		{369B0FDD-A44C-4A80-BCB3-C9CB0E2EC218}.Debug|Any CPU.ActiveCfg = Debug|Any CPU
		{369B0FDD-A44C-4A80-BCB3-C9CB0E2EC218}.Debug|Any CPU.Build.0 = Debug|Any CPU
		{369B0FDD-A44C-4A80-BCB3-C9CB0E2EC218}.Release|Any CPU.ActiveCfg = Release|Any CPU
		{369B0FDD-A44C-4A80-BCB3-C9CB0E2EC218}.Release|Any CPU.Build.0 = Release|Any CPU
		{1BFD690C-488C-4ADD-86B4-53532F75ECD5}.Debug|Any CPU.ActiveCfg = Debug|Any CPU
		{1BFD690C-488C-4ADD-86B4-53532F75ECD5}.Debug|Any CPU.Build.0 = Debug|Any CPU
		{1BFD690C-488C-4ADD-86B4-53532F75ECD5}.Release|Any CPU.ActiveCfg = Release|Any CPU
		{1BFD690C-488C-4ADD-86B4-53532F75ECD5}.Release|Any CPU.Build.0 = Release|Any CPU
		{A2CA80AD-506E-4723-BCCA-51FD40618FDC}.Debug|Any CPU.ActiveCfg = Debug|Any CPU
		{A2CA80AD-506E-4723-BCCA-51FD40618FDC}.Debug|Any CPU.Build.0 = Debug|Any CPU
		{A2CA80AD-506E-4723-BCCA-51FD40618FDC}.Release|Any CPU.ActiveCfg = Release|Any CPU
		{A2CA80AD-506E-4723-BCCA-51FD40618FDC}.Release|Any CPU.Build.0 = Release|Any CPU
	EndGlobalSection
	GlobalSection(SolutionProperties) = preSolution
		HideSolutionNode = FALSE
	EndGlobalSection
	GlobalSection(ExtensibilityGlobals) = postSolution
		SolutionGuid = {B6CBC73B-272E-4858-A557-918BAE499B6A}
	EndGlobalSection
EndGlobal
